
Microsoft Visual Studio Solution File, Format Version 12.00
# Visual Studio Version 17
VisualStudioVersion = 17.5.33502.453
MinimumVisualStudioVersion = 10.0.40219.1
Project("{FAE04EC0-301F-11D3-BF4B-00C04F79EFBC}") = "SulpHurReport", "SulpHurReport.csproj", "{F03EA516-9A75-47D4-95D5-0FB3756FB3C2}"
EndProject
Global
	GlobalSection(SolutionConfigurationPlatforms) = preSolution
		Debug|Any CPU = Debug|Any CPU
		Release|Any CPU = Release|Any CPU
	EndGlobalSection
	GlobalSection(ProjectConfigurationPlatforms) = postSolution
		{F03EA516-9A75-47D4-95D5-0FB3756FB3C2}.Debug|Any CPU.ActiveCfg = Debug|Any CPU
		{F03EA516-9A75-47D4-95D5-0FB3756FB3C2}.Debug|Any CPU.Build.0 = Debug|Any CPU
		{F03EA516-9A75-47D4-95D5-0FB3756FB3C2}.Release|Any CPU.ActiveCfg = Release|Any CPU
		{F03EA516-9A75-47D4-95D5-0FB3756FB3C2}.Release|Any CPU.Build.0 = Release|Any CPU
	EndGlobalSection
	GlobalSection(SolutionProperties) = preSolution
		HideSolutionNode = FALSE
	EndGlobalSection
	GlobalSection(ExtensibilityGlobals) = postSolution
		SolutionGuid = {32766219-489D-430D-AC03-946947355A81}
	EndGlobalSection
EndGlobal
